
Microsoft Visual Studio Solution File, Format Version 12.00
# Visual Studio 15
VisualStudioVersion = 15.0.27428.2015
MinimumVisualStudioVersion = 10.0.40219.1
Project("{FAE04EC0-301F-11D3-BF4B-00C04F79EFBC}") = "Schema1stWebApplication", "Schema1stWebApplication\Schema1stWebApplication.csproj", "{C8878C7C-8C2A-41CF-BC04-09581BD07C88}"
EndProject
Global
	GlobalSection(SolutionConfigurationPlatforms) = preSolution
		Debug|Any CPU = Debug|Any CPU
		Release|Any CPU = Release|Any CPU
	EndGlobalSection
	GlobalSection(ProjectConfigurationPlatforms) = postSolution
		{C8878C7C-8C2A-41CF-BC04-09581BD07C88}.Debug|Any CPU.ActiveCfg = Debug|Any CPU
		{C8878C7C-8C2A-41CF-BC04-09581BD07C88}.Debug|Any CPU.Build.0 = Debug|Any CPU
		{C8878C7C-8C2A-41CF-BC04-09581BD07C88}.Release|Any CPU.ActiveCfg = Release|Any CPU
		{C8878C7C-8C2A-41CF-BC04-09581BD07C88}.Release|Any CPU.Build.0 = Release|Any CPU
	EndGlobalSection
	GlobalSection(SolutionProperties) = preSolution
		HideSolutionNode = FALSE
	EndGlobalSection
	GlobalSection(ExtensibilityGlobals) = postSolution
		SolutionGuid = {96F8A37E-73FF-439F-8CAB-A6C2A2A63684}
	EndGlobalSection
EndGlobal
